
Microsoft Visual Studio Solution File, Format Version 12.00
# Visual Studio Version 17
VisualStudioVersion = 17.8.34525.116
MinimumVisualStudioVersion = 10.0.40219.1
Project("{FAE04EC0-301F-11D3-BF4B-00C04F79EFBC}") = "MyDemoProject", "MyDemoProject\MyDemoProject.csproj", "{7E50B123-90C8-4FF7-9DF4-33D5B627751A}"
EndProject
Global
	GlobalSection(SolutionConfigurationPlatforms) = preSolution
		Debug|Any CPU = Debug|Any CPU
		Release|Any CPU = Release|Any CPU
	EndGlobalSection
	GlobalSection(ProjectConfigurationPlatforms) = postSolution
		{7E50B123-90C8-4FF7-9DF4-33D5B627751A}.Debug|Any CPU.ActiveCfg = Debug|Any CPU
		{7E50B123-90C8-4FF7-9DF4-33D5B627751A}.Debug|Any CPU.Build.0 = Debug|Any CPU
		{7E50B123-90C8-4FF7-9DF4-33D5B627751A}.Release|Any CPU.ActiveCfg = Release|Any CPU
		{7E50B123-90C8-4FF7-9DF4-33D5B627751A}.Release|Any CPU.Build.0 = Release|Any CPU
	EndGlobalSection
	GlobalSection(SolutionProperties) = preSolution
		HideSolutionNode = FALSE
	EndGlobalSection
	GlobalSection(ExtensibilityGlobals) = postSolution
		SolutionGuid = {8120C8B1-DCB7-4568-8F2A-306308273AB0}
	EndGlobalSection
EndGlobal
